github.com/go-jose/go-jose/v4 v4.1.4 h1:moDMcTHmvE6Groj34emNPLs/qtYXRVcd6S7NHbHz3kA=
github.com/go-jose/go-jose/v4 v4.1.4/go.mod h1:x4oUasVrzR7071A4TnHLGSPpNOm2a21K9Kf04k1rs08=
github.com/golang-jwt/jwt/v5 v5.3.1 h1:kYf81DTWFe7t+1VvL7eS+jKFVWaUnK9cB1qbwn63YCY=
github.com/golang-jwt/jwt/v5 v5.3.1/go.mod h1:fxCRLWMO43lRc8nhHWY6LGqRcf+1gQWArsqaEUEa5bE=
github.com/mkbeh/xjose/jwe v0.3.0 h1:mkwxF/OFyKpE/1MzChf9RcQGAH7XVc53Z8WgbEpefSs=
github.com/mkbeh/xjose/jwe v0.3.0/go.mod h1:784e+ziqXO8Dwhi8CoZJnvt4HYigtdg6TJCa1MK79EY=
github.com/mkbeh/xjose/jwk v0.3.0 h1:ioovCKUyYg1glK5mEYjw9le/76g9Kp+ChbttjzFFV88=
github.com/mkbeh/xjose/jwk v0.3.0/go.mod h1:43OdhLEsR88lm3SWEEd99BjY1+9VsnIMt8gPsfqpi+0=
github.com/mkbeh/xjose/jws v0.3.0 h1:2GtdHkoagWOgRN6D7miFVjO9Xr2ZBCeiN/8sGvXLWXE=
github.com/mkbeh/xjose/jws v0.3.0/go.mod h1:yJ44Qf3xVwqUWvoXCHiGIhoaKimGLpbkuRzSBq62xrU=
github.com/mkbeh/xjose/jwt v0.3.0 h1:GxDN1lRoMb6kiI9fLjnlkIru+du2yIaqd2SVe6tqw+w=
github.com/mkbeh/xjose/jwt v0.3.0/go.mod h1:E5xjFjndT/dxTAnmUnjALu/vbCi87sYx+g5Fniyg7UA=
